
Microsoft Visual Studio Solution File, Format Version 12.00
# Visual Studio Version 17
VisualStudioVersion = 17.14.36212.18 d17.14
MinimumVisualStudioVersion = 10.0.40219.1
Project("{FAE04EC0-301F-11D3-BF4B-00C04F79EFBC}") = "EasyCarsMaintenance", "EasyCarsMaintenance.csproj", "{20E71122-0A25-4AE7-84F0-FD706590D425}"
EndProject
Global
	GlobalSection(SolutionConfigurationPlatforms) = preSolution
		Debug|Any CPU = Debug|Any CPU
		Release|Any CPU = Release|Any CPU
	EndGlobalSection
	GlobalSection(ProjectConfigurationPlatforms) = postSolution
		{20E71122-0A25-4AE7-84F0-FD706590D425}.Debug|Any CPU.ActiveCfg = Debug|Any CPU
		{20E71122-0A25-4AE7-84F0-FD706590D425}.Debug|Any CPU.Build.0 = Debug|Any CPU
		{20E71122-0A25-4AE7-84F0-FD706590D425}.Release|Any CPU.ActiveCfg = Release|Any CPU
		{20E71122-0A25-4AE7-84F0-FD706590D425}.Release|Any CPU.Build.0 = Release|Any CPU
	EndGlobalSection
	GlobalSection(SolutionProperties) = preSolution
		HideSolutionNode = FALSE
	EndGlobalSection
	GlobalSection(ExtensibilityGlobals) = postSolution
		SolutionGuid = {5028EB4D-6DCC-4A98-8B50-2A367FD4F1D8}
	EndGlobalSection
EndGlobal
